
Microsoft Visual Studio Solution File, Format Version 12.00
# Visual Studio Version 16
VisualStudioVersion = 16.0.29926.136
MinimumVisualStudioVersion = 10.0.40219.1
Project("{FAE04EC0-301F-11D3-BF4B-00C04F79EFBC}") = "UDPClient", "UDPClient\UDPClient.csproj", "{F39AB1E9-871C-4FD6-A4DD-B17E8327C8EB}"
EndProject
Global
	GlobalSection(SolutionConfigurationPlatforms) = preSolution
		Debug|Any CPU = Debug|Any CPU
		Release|Any CPU = Release|Any CPU
	EndGlobalSection
	GlobalSection(ProjectConfigurationPlatforms) = postSolution
		{F39AB1E9-871C-4FD6-A4DD-B17E8327C8EB}.Debug|Any CPU.ActiveCfg = Debug|Any CPU
		{F39AB1E9-871C-4FD6-A4DD-B17E8327C8EB}.Debug|Any CPU.Build.0 = Debug|Any CPU
		{F39AB1E9-871C-4FD6-A4DD-B17E8327C8EB}.Release|Any CPU.ActiveCfg = Release|Any CPU
		{F39AB1E9-871C-4FD6-A4DD-B17E8327C8EB}.Release|Any CPU.Build.0 = Release|Any CPU
	EndGlobalSection
	GlobalSection(SolutionProperties) = preSolution
		HideSolutionNode = FALSE
	EndGlobalSection
	GlobalSection(ExtensibilityGlobals) = postSolution
		SolutionGuid = {BED88B95-7980-45B6-9F87-4C073F9919F7}
	EndGlobalSection
EndGlobal
