
Microsoft Visual Studio Solution File, Format Version 12.00
# Visual Studio Version 16
VisualStudioVersion = 16.0.29926.136
MinimumVisualStudioVersion = 10.0.40219.1
Project("{FAE04EC0-301F-11D3-BF4B-00C04F79EFBC}") = "Sever", "Sever\Sever.csproj", "{BA3CDC8D-8999-4234-BEF5-6486D4AEA5B0}"
EndProject
Global
	GlobalSection(SolutionConfigurationPlatforms) = preSolution
		Debug|Any CPU = Debug|Any CPU
		Release|Any CPU = Release|Any CPU
	EndGlobalSection
	GlobalSection(ProjectConfigurationPlatforms) = postSolution
		{BA3CDC8D-8999-4234-BEF5-6486D4AEA5B0}.Debug|Any CPU.ActiveCfg = Debug|Any CPU
		{BA3CDC8D-8999-4234-BEF5-6486D4AEA5B0}.Debug|Any CPU.Build.0 = Debug|Any CPU
		{BA3CDC8D-8999-4234-BEF5-6486D4AEA5B0}.Release|Any CPU.ActiveCfg = Release|Any CPU
		{BA3CDC8D-8999-4234-BEF5-6486D4AEA5B0}.Release|Any CPU.Build.0 = Release|Any CPU
	EndGlobalSection
	GlobalSection(SolutionProperties) = preSolution
		HideSolutionNode = FALSE
	EndGlobalSection
	GlobalSection(ExtensibilityGlobals) = postSolution
		SolutionGuid = {F0DD94BE-3FC6-4997-80B0-F601470346BC}
	EndGlobalSection
EndGlobal
