
Microsoft Visual Studio Solution File, Format Version 12.00
# Visual Studio Version 16
VisualStudioVersion = 16.0.31112.23
MinimumVisualStudioVersion = 10.0.40219.1
Project("{FAE04EC0-301F-11D3-BF4B-00C04F79EFBC}") = "Server", "Server\Server.csproj", "{C83FFBA4-4020-4F86-B250-D0869A57C2AE}"
EndProject
Project("{FAE04EC0-301F-11D3-BF4B-00C04F79EFBC}") = "Client", "Client\Client.csproj", "{6353CAD8-3F74-4EB3-BE97-8AA95D739A60}"
EndProject
Project("{FAE04EC0-301F-11D3-BF4B-00C04F79EFBC}") = "Common", "Common\Common.csproj", "{5DE9279E-5A9A-438D-88AF-C52FBB0C0779}"
EndProject
Global
	GlobalSection(SolutionConfigurationPlatforms) = preSolution
		Debug|Any CPU = Debug|Any CPU
		Release|Any CPU = Release|Any CPU
	EndGlobalSection
	GlobalSection(ProjectConfigurationPlatforms) = postSolution
		{C83FFBA4-4020-4F86-B250-D0869A57C2AE}.Debug|Any CPU.ActiveCfg = Debug|Any CPU
		{C83FFBA4-4020-4F86-B250-D0869A57C2AE}.Debug|Any CPU.Build.0 = Debug|Any CPU
		{C83FFBA4-4020-4F86-B250-D0869A57C2AE}.Release|Any CPU.ActiveCfg = Release|Any CPU
		{C83FFBA4-4020-4F86-B250-D0869A57C2AE}.Release|Any CPU.Build.0 = Release|Any CPU
		{6353CAD8-3F74-4EB3-BE97-8AA95D739A60}.Debug|Any CPU.ActiveCfg = Debug|Any CPU
		{6353CAD8-3F74-4EB3-BE97-8AA95D739A60}.Debug|Any CPU.Build.0 = Debug|Any CPU
		{6353CAD8-3F74-4EB3-BE97-8AA95D739A60}.Release|Any CPU.ActiveCfg = Release|Any CPU
		{6353CAD8-3F74-4EB3-BE97-8AA95D739A60}.Release|Any CPU.Build.0 = Release|Any CPU
		{5DE9279E-5A9A-438D-88AF-C52FBB0C0779}.Debug|Any CPU.ActiveCfg = Debug|Any CPU
		{5DE9279E-5A9A-438D-88AF-C52FBB0C0779}.Debug|Any CPU.Build.0 = Debug|Any CPU
		{5DE9279E-5A9A-438D-88AF-C52FBB0C0779}.Release|Any CPU.ActiveCfg = Release|Any CPU
		{5DE9279E-5A9A-438D-88AF-C52FBB0C0779}.Release|Any CPU.Build.0 = Release|Any CPU
	EndGlobalSection
	GlobalSection(SolutionProperties) = preSolution
		HideSolutionNode = FALSE
	EndGlobalSection
	GlobalSection(ExtensibilityGlobals) = postSolution
		SolutionGuid = {E83A91AA-A913-46AC-8F28-5811FB62F91F}
	EndGlobalSection
EndGlobal
